
Microsoft Visual Studio Solution File, Format Version 12.00
# Visual Studio Version 16
VisualStudioVersion = 16.0.29519.87
MinimumVisualStudioVersion = 10.0.40219.1
Project("{FAE04EC0-301F-11D3-BF4B-00C04F79EFBC}") = "ArcheryScoresheetsUI", "ArcheryScoresheetsUI\ArcheryScoresheetsUI.csproj", "{17A7D491-82F5-44F7-A015-B05D695C2204}"
EndProject
Project("{FAE04EC0-301F-11D3-BF4B-00C04F79EFBC}") = "ScoresheetsLibrary", "ScoresheetsLibrary\ScoresheetsLibrary.csproj", "{B69F77D0-BF3A-4ABF-A75B-E9EA5B61B79E}"
EndProject
Global
	GlobalSection(SolutionConfigurationPlatforms) = preSolution
		Debug|Any CPU = Debug|Any CPU
		Release|Any CPU = Release|Any CPU
	EndGlobalSection
	GlobalSection(ProjectConfigurationPlatforms) = postSolution
		{17A7D491-82F5-44F7-A015-B05D695C2204}.Debug|Any CPU.ActiveCfg = Debug|Any CPU
		{17A7D491-82F5-44F7-A015-B05D695C2204}.Debug|Any CPU.Build.0 = Debug|Any CPU
		{17A7D491-82F5-44F7-A015-B05D695C2204}.Release|Any CPU.ActiveCfg = Release|Any CPU
		{17A7D491-82F5-44F7-A015-B05D695C2204}.Release|Any CPU.Build.0 = Release|Any CPU
		{B69F77D0-BF3A-4ABF-A75B-E9EA5B61B79E}.Debug|Any CPU.ActiveCfg = Debug|Any CPU
		{B69F77D0-BF3A-4ABF-A75B-E9EA5B61B79E}.Debug|Any CPU.Build.0 = Debug|Any CPU
		{B69F77D0-BF3A-4ABF-A75B-E9EA5B61B79E}.Release|Any CPU.ActiveCfg = Release|Any CPU
		{B69F77D0-BF3A-4ABF-A75B-E9EA5B61B79E}.Release|Any CPU.Build.0 = Release|Any CPU
	EndGlobalSection
	GlobalSection(SolutionProperties) = preSolution
		HideSolutionNode = FALSE
	EndGlobalSection
	GlobalSection(ExtensibilityGlobals) = postSolution
		SolutionGuid = {DFF08620-DC19-47EA-B590-3B492635F8AE}
	EndGlobalSection
EndGlobal
